github.com/FortAwesome/Font-Awesome v0.0.0-20241216213156-af620534bfc3/go.mod h1:IUgezN/MFpCDIlFezw3L8j83oeiIuYoj28Miwr/KUYo=
github.com/deining/docsy v0.0.0-20250221111157-8659efc1b2b1 h1:T6RJgqKrqjkXcTMymVlmcQVXAUuF3Qewv4CnqbTPvr8=
github.com/deining/docsy v0.0.0-20250221111157-8659efc1b2b1/go.mod h1:W+gpPei86GvixGJJSL5/yxuPPD2djyRDOIx2InnG9A4=
github.com/google/docsy v0.11.1-0.20250124012154-a854cb315ac2 h1:UGxilBOMpbjnqur8gPzsrMJGih9WPp05Bdz/pn4bWU4=
github.com/google/docsy v0.11.1-0.20250124012154-a854cb315ac2/go.mod h1:KlC0P/65OfRUkVSLV9GG5E0APetr9l8qB8poCGAoOjg=
github.com/twbs/bootstrap v5.3.3+incompatible/go.mod h1:fZTSrkpSf0/HkL0IIJzvVspTt1r9zuf7XlZau8kpcY0=
